
Microsoft Visual Studio Solution File, Format Version 12.00
# Visual Studio Version 17
VisualStudioVersion = 17.14.36811.4 d17.14
MinimumVisualStudioVersion = 10.0.40219.1
Project("{FAE04EC0-301F-11D3-BF4B-00C04F79EFBC}") = "SipkovaTulipanka", "SipkovaTulipanka\SipkovaTulipanka.csproj", "{773BE5D4-2D1B-4C51-A389-68E4A6B5E647}"
EndProject
Global
	GlobalSection(SolutionConfigurationPlatforms) = preSolution
		Debug|Any CPU = Debug|Any CPU
		Release|Any CPU = Release|Any CPU
	EndGlobalSection
	GlobalSection(ProjectConfigurationPlatforms) = postSolution
		{773BE5D4-2D1B-4C51-A389-68E4A6B5E647}.Debug|Any CPU.ActiveCfg = Debug|Any CPU
		{773BE5D4-2D1B-4C51-A389-68E4A6B5E647}.Debug|Any CPU.Build.0 = Debug|Any CPU
		{773BE5D4-2D1B-4C51-A389-68E4A6B5E647}.Release|Any CPU.ActiveCfg = Release|Any CPU
		{773BE5D4-2D1B-4C51-A389-68E4A6B5E647}.Release|Any CPU.Build.0 = Release|Any CPU
	EndGlobalSection
	GlobalSection(SolutionProperties) = preSolution
		HideSolutionNode = FALSE
	EndGlobalSection
	GlobalSection(ExtensibilityGlobals) = postSolution
		SolutionGuid = {FAE07D50-9AA1-49D9-8F7C-B8804E38DD4C}
	EndGlobalSection
EndGlobal
